
Microsoft Visual Studio Solution File, Format Version 12.00
# Visual Studio Version 17
VisualStudioVersion = 17.11.35222.181
MinimumVisualStudioVersion = 10.0.40219.1
Project("{FAE04EC0-301F-11D3-BF4B-00C04F79EFBC}") = "CRUD_EmployeeOperation", "CRUD_EmployeeOperation\CRUD_EmployeeOperation.csproj", "{D98FD2EE-C410-4CBC-917D-F95F75CCDCCE}"
EndProject
Global
	GlobalSection(SolutionConfigurationPlatforms) = preSolution
		Debug|Any CPU = Debug|Any CPU
		Release|Any CPU = Release|Any CPU
	EndGlobalSection
	GlobalSection(ProjectConfigurationPlatforms) = postSolution
		{D98FD2EE-C410-4CBC-917D-F95F75CCDCCE}.Debug|Any CPU.ActiveCfg = Debug|Any CPU
		{D98FD2EE-C410-4CBC-917D-F95F75CCDCCE}.Debug|Any CPU.Build.0 = Debug|Any CPU
		{D98FD2EE-C410-4CBC-917D-F95F75CCDCCE}.Release|Any CPU.ActiveCfg = Release|Any CPU
		{D98FD2EE-C410-4CBC-917D-F95F75CCDCCE}.Release|Any CPU.Build.0 = Release|Any CPU
	EndGlobalSection
	GlobalSection(SolutionProperties) = preSolution
		HideSolutionNode = FALSE
	EndGlobalSection
	GlobalSection(ExtensibilityGlobals) = postSolution
		SolutionGuid = {C7078CDB-4C81-4A70-A4E2-9F49C915B7F3}
	EndGlobalSection
EndGlobal
